// !$*UTF8*$!
{
	archiveVersion = 1;
	classes = {
	};
	objectVersion = 42;
	objects = {

/* Begin PBXBuildFile section */
		E2AAD1C50F84E0B100167FA5 /* amsynthVst.cpp in Sources */ = {isa = PBXBuildFile; fileRef = E2AAD1C30F84E0B100167FA5 /* amsynthVst.cpp */; };
		E2AAD1DF0F84E1E100167FA5 /* allpass.cpp in Sources */ = {isa = PBXBuildFile; fileRef = E2AAD1D20F84E1E100167FA5 /* allpass.cpp */; };
		E2AAD1E00F84E1E100167FA5 /* comb.cpp in Sources */ = {isa = PBXBuildFile; fileRef = E2AAD1D40F84E1E100167FA5 /* comb.cpp */; };
		E2AAD1E10F84E1E100167FA5 /* Distortion.cc in Sources */ = {isa = PBXBuildFile; fileRef = E2AAD1D70F84E1E100167FA5 /* Distortion.cc */; };
		E2AAD1E30F84E1E100167FA5 /* revmodel.cpp in Sources */ = {isa = PBXBuildFile; fileRef = E2AAD1DA0F84E1E100167FA5 /* revmodel.cpp */; };
		E2AAD1E40F84E1E100167FA5 /* SoftLimiter.cc in Sources */ = {isa = PBXBuildFile; fileRef = E2AAD1DC0F84E1E100167FA5 /* SoftLimiter.cc */; };
		E2AAD1F10F84E1EF00167FA5 /* ADSR.cc in Sources */ = {isa = PBXBuildFile; fileRef = E2AAD1E60F84E1EF00167FA5 /* ADSR.cc */; };
		E2AAD1F30F84E1EF00167FA5 /* LowPassFilter.cc in Sources */ = {isa = PBXBuildFile; fileRef = E2AAD1E90F84E1EF00167FA5 /* LowPassFilter.cc */; };
		E2AAD1F50F84E1EF00167FA5 /* Oscillator.cc in Sources */ = {isa = PBXBuildFile; fileRef = E2AAD1EC0F84E1EF00167FA5 /* Oscillator.cc */; };
		E2AAD1F60F84E1EF00167FA5 /* VoiceBoard.cc in Sources */ = {isa = PBXBuildFile; fileRef = E2AAD1EF0F84E1EF00167FA5 /* VoiceBoard.cc */; };
		E2AAD2040F84E20800167FA5 /* PresetController.cc in Sources */ = {isa = PBXBuildFile; fileRef = E2AAD1FC0F84E20800167FA5 /* PresetController.cc */; };
		E2AAD2050F84E20800167FA5 /* Parameter.cc in Sources */ = {isa = PBXBuildFile; fileRef = E2AAD1FE0F84E20800167FA5 /* Parameter.cc */; };
		E2AAD2060F84E20800167FA5 /* VoiceAllocationUnit.cc in Sources */ = {isa = PBXBuildFile; fileRef = E2AAD1FF0F84E20800167FA5 /* VoiceAllocationUnit.cc */; };
		E2AAD2070F84E20800167FA5 /* Preset.cc in Sources */ = {isa = PBXBuildFile; fileRef = E2AAD2000F84E20800167FA5 /* Preset.cc */; };
		E2AAD2190F84E27500167FA5 /* audioeffectx.cpp in Sources */ = {isa = PBXBuildFile; fileRef = E2AAD2140F84E27500167FA5 /* audioeffectx.cpp */; };
		E2AAD21A0F84E27500167FA5 /* audioeffect.cpp in Sources */ = {isa = PBXBuildFile; fileRef = E2AAD2160F84E27500167FA5 /* audioeffect.cpp */; };
		E2AAD21B0F84E27500167FA5 /* vstplugmain.cpp in Sources */ = {isa = PBXBuildFile; fileRef = E2AAD2180F84E27500167FA5 /* vstplugmain.cpp */; };
		E2AAD2230F84E2B800167FA5 /* amsynth.vst in CopyFiles */ = {isa = PBXBuildFile; fileRef = E2AAD1AD0F84E03900167FA5 /* amsynth.vst */; };
/* End PBXBuildFile section */

/* Begin PBXCopyFilesBuildPhase section */
		E2AAD22B0F84E2BC00167FA5 /* CopyFiles */ = {
			isa = PBXCopyFilesBuildPhase;
			buildActionMask = 2147483647;
			dstPath = "$(INSTALL_PATH)";
			dstSubfolderSpec = 0;
			files = (
				E2AAD2230F84E2B800167FA5 /* amsynth.vst in CopyFiles */,
			);
			runOnlyForDeploymentPostprocessing = 0;
		};
/* End PBXCopyFilesBuildPhase section */

/* Begin PBXFileReference section */
		E2AAD1AD0F84E03900167FA5 /* amsynth.vst */ = {isa = PBXFileReference; explicitFileType = wrapper.cfbundle; includeInIndex = 0; path = amsynth.vst; sourceTree = BUILT_PRODUCTS_DIR; };
		E2AAD1AF0F84E03900167FA5 /* amsynth-Info.plist */ = {isa = PBXFileReference; lastKnownFileType = text.plist.xml; path = "amsynth-Info.plist"; sourceTree = "<group>"; };
		E2AAD1C30F84E0B100167FA5 /* amsynthVst.cpp */ = {isa = PBXFileReference; fileEncoding = 4; lastKnownFileType = sourcecode.cpp.cpp; name = amsynthVst.cpp; path = src/amsynthVst.cpp; sourceTree = "<group>"; };
		E2AAD1C40F84E0B100167FA5 /* amsynthVst.h */ = {isa = PBXFileReference; fileEncoding = 4; lastKnownFileType = sourcecode.c.h; name = amsynthVst.h; path = src/amsynthVst.h; sourceTree = "<group>"; };
		E2AAD1C80F84E0C300167FA5 /* controls.h */ = {isa = PBXFileReference; fileEncoding = 4; lastKnownFileType = sourcecode.c.h; name = controls.h; path = src/controls.h; sourceTree = "<group>"; };
		E2AAD1D20F84E1E100167FA5 /* allpass.cpp */ = {isa = PBXFileReference; fileEncoding = 4; lastKnownFileType = sourcecode.cpp.cpp; path = allpass.cpp; sourceTree = "<group>"; };
		E2AAD1D30F84E1E100167FA5 /* allpass.hpp */ = {isa = PBXFileReference; fileEncoding = 4; lastKnownFileType = sourcecode.cpp.h; path = allpass.hpp; sourceTree = "<group>"; };
		E2AAD1D40F84E1E100167FA5 /* comb.cpp */ = {isa = PBXFileReference; fileEncoding = 4; lastKnownFileType = sourcecode.cpp.cpp; path = comb.cpp; sourceTree = "<group>"; };
		E2AAD1D50F84E1E100167FA5 /* comb.hpp */ = {isa = PBXFileReference; fileEncoding = 4; lastKnownFileType = sourcecode.cpp.h; path = comb.hpp; sourceTree = "<group>"; };
		E2AAD1D60F84E1E100167FA5 /* denormals.h */ = {isa = PBXFileReference; fileEncoding = 4; lastKnownFileType = sourcecode.c.h; path = denormals.h; sourceTree = "<group>"; };
		E2AAD1D70F84E1E100167FA5 /* Distortion.cc */ = {isa = PBXFileReference; fileEncoding = 4; lastKnownFileType = sourcecode.cpp.cpp; path = Distortion.cc; sourceTree = "<group>"; };
		E2AAD1D80F84E1E100167FA5 /* Distortion.h */ = {isa = PBXFileReference; fileEncoding = 4; lastKnownFileType = sourcecode.c.h; path = Distortion.h; sourceTree = "<group>"; };
		E2AAD1DA0F84E1E100167FA5 /* revmodel.cpp */ = {isa = PBXFileReference; fileEncoding = 4; lastKnownFileType = sourcecode.cpp.cpp; path = revmodel.cpp; sourceTree = "<group>"; };
		E2AAD1DB0F84E1E100167FA5 /* revmodel.hpp */ = {isa = PBXFileReference; fileEncoding = 4; lastKnownFileType = sourcecode.cpp.h; path = revmodel.hpp; sourceTree = "<group>"; };
		E2AAD1DC0F84E1E100167FA5 /* SoftLimiter.cc */ = {isa = PBXFileReference; fileEncoding = 4; lastKnownFileType = sourcecode.cpp.cpp; path = SoftLimiter.cc; sourceTree = "<group>"; };
		E2AAD1DD0F84E1E100167FA5 /* SoftLimiter.h */ = {isa = PBXFileReference; fileEncoding = 4; lastKnownFileType = sourcecode.c.h; path = SoftLimiter.h; sourceTree = "<group>"; };
		E2AAD1DE0F84E1E100167FA5 /* tuning.h */ = {isa = PBXFileReference; fileEncoding = 4; lastKnownFileType = sourcecode.c.h; path = tuning.h; sourceTree = "<group>"; };
		E2AAD1E60F84E1EF00167FA5 /* ADSR.cc */ = {isa = PBXFileReference; fileEncoding = 4; lastKnownFileType = sourcecode.cpp.cpp; path = ADSR.cc; sourceTree = "<group>"; };
		E2AAD1E70F84E1EF00167FA5 /* ADSR.h */ = {isa = PBXFileReference; fileEncoding = 4; lastKnownFileType = sourcecode.c.h; path = ADSR.h; sourceTree = "<group>"; };
		E2AAD1E90F84E1EF00167FA5 /* LowPassFilter.cc */ = {isa = PBXFileReference; fileEncoding = 4; lastKnownFileType = sourcecode.cpp.cpp; path = LowPassFilter.cc; sourceTree = "<group>"; };
		E2AAD1EA0F84E1EF00167FA5 /* LowPassFilter.h */ = {isa = PBXFileReference; fileEncoding = 4; lastKnownFileType = sourcecode.c.h; path = LowPassFilter.h; sourceTree = "<group>"; };
		E2AAD1EC0F84E1EF00167FA5 /* Oscillator.cc */ = {isa = PBXFileReference; fileEncoding = 4; lastKnownFileType = sourcecode.cpp.cpp; path = Oscillator.cc; sourceTree = "<group>"; };
		E2AAD1ED0F84E1EF00167FA5 /* Oscillator.h */ = {isa = PBXFileReference; fileEncoding = 4; lastKnownFileType = sourcecode.c.h; path = Oscillator.h; sourceTree = "<group>"; };
		E2AAD1EE0F84E1EF00167FA5 /* Synth--.h */ = {isa = PBXFileReference; fileEncoding = 4; lastKnownFileType = sourcecode.c.h; path = "Synth--.h"; sourceTree = "<group>"; };
		E2AAD1EF0F84E1EF00167FA5 /* VoiceBoard.cc */ = {isa = PBXFileReference; fileEncoding = 4; lastKnownFileType = sourcecode.cpp.cpp; path = VoiceBoard.cc; sourceTree = "<group>"; };
		E2AAD1F00F84E1EF00167FA5 /* VoiceBoard.h */ = {isa = PBXFileReference; fileEncoding = 4; lastKnownFileType = sourcecode.c.h; path = VoiceBoard.h; sourceTree = "<group>"; };
		E2AAD1F80F84E20800167FA5 /* Parameter.h */ = {isa = PBXFileReference; fileEncoding = 4; lastKnownFileType = sourcecode.c.h; name = Parameter.h; path = src/Parameter.h; sourceTree = "<group>"; };
		E2AAD1F90F84E20800167FA5 /* UpdateListener.h */ = {isa = PBXFileReference; fileEncoding = 4; lastKnownFileType = sourcecode.c.h; name = UpdateListener.h; path = src/UpdateListener.h; sourceTree = "<group>"; };
		E2AAD1FA0F84E20800167FA5 /* Thread.h */ = {isa = PBXFileReference; fileEncoding = 4; lastKnownFileType = sourcecode.c.h; name = Thread.h; path = src/Thread.h; sourceTree = "<group>"; };
		E2AAD1FB0F84E20800167FA5 /* PresetController.h */ = {isa = PBXFileReference; fileEncoding = 4; lastKnownFileType = sourcecode.c.h; name = PresetController.h; path = src/PresetController.h; sourceTree = "<group>"; };
		E2AAD1FC0F84E20800167FA5 /* PresetController.cc */ = {isa = PBXFileReference; fileEncoding = 4; lastKnownFileType = sourcecode.cpp.cpp; name = PresetController.cc; path = src/PresetController.cc; sourceTree = "<group>"; };
		E2AAD1FD0F84E20800167FA5 /* Preset.h */ = {isa = PBXFileReference; fileEncoding = 4; lastKnownFileType = sourcecode.c.h; name = Preset.h; path = src/Preset.h; sourceTree = "<group>"; };
		E2AAD1FE0F84E20800167FA5 /* Parameter.cc */ = {isa = PBXFileReference; fileEncoding = 4; lastKnownFileType = sourcecode.cpp.cpp; name = Parameter.cc; path = src/Parameter.cc; sourceTree = "<group>"; };
		E2AAD1FF0F84E20800167FA5 /* VoiceAllocationUnit.cc */ = {isa = PBXFileReference; fileEncoding = 4; lastKnownFileType = sourcecode.cpp.cpp; name = VoiceAllocationUnit.cc; path = src/VoiceAllocationUnit.cc; sourceTree = "<group>"; };
		E2AAD2000F84E20800167FA5 /* Preset.cc */ = {isa = PBXFileReference; fileEncoding = 4; lastKnownFileType = sourcecode.cpp.cpp; name = Preset.cc; path = src/Preset.cc; sourceTree = "<group>"; };
		E2AAD2020F84E20800167FA5 /* VoiceAllocationUnit.h */ = {isa = PBXFileReference; fileEncoding = 4; lastKnownFileType = sourcecode.c.h; name = VoiceAllocationUnit.h; path = src/VoiceAllocationUnit.h; sourceTree = "<group>"; };
		E2AAD2130F84E27500167FA5 /* audioeffectx.h */ = {isa = PBXFileReference; fileEncoding = 4; lastKnownFileType = sourcecode.c.h; name = audioeffectx.h; path = public.sdk/source/vst2.x/audioeffectx.h; sourceTree = VSTSDK24; };
		E2AAD2140F84E27500167FA5 /* audioeffectx.cpp */ = {isa = PBXFileReference; fileEncoding = 4; lastKnownFileType = sourcecode.cpp.cpp; name = audioeffectx.cpp; path = public.sdk/source/vst2.x/audioeffectx.cpp; sourceTree = VSTSDK24; };
		E2AAD2150F84E27500167FA5 /* aeffeditor.h */ = {isa = PBXFileReference; fileEncoding = 4; lastKnownFileType = sourcecode.c.h; name = aeffeditor.h; path = public.sdk/source/vst2.x/aeffeditor.h; sourceTree = VSTSDK24; };
		E2AAD2160F84E27500167FA5 /* audioeffect.cpp */ = {isa = PBXFileReference; fileEncoding = 4; lastKnownFileType = sourcecode.cpp.cpp; name = audioeffect.cpp; path = public.sdk/source/vst2.x/audioeffect.cpp; sourceTree = VSTSDK24; };
		E2AAD2170F84E27500167FA5 /* audioeffect.h */ = {isa = PBXFileReference; fileEncoding = 4; lastKnownFileType = sourcecode.c.h; name = audioeffect.h; path = public.sdk/source/vst2.x/audioeffect.h; sourceTree = VSTSDK24; };
		E2AAD2180F84E27500167FA5 /* vstplugmain.cpp */ = {isa = PBXFileReference; fileEncoding = 4; lastKnownFileType = sourcecode.cpp.cpp; name = vstplugmain.cpp; path = public.sdk/source/vst2.x/vstplugmain.cpp; sourceTree = VSTSDK24; };
/* End PBXFileReference section */

/* Begin PBXFrameworksBuildPhase section */
		E2AAD1AB0F84E03900167FA5 /* Frameworks */ = {
			isa = PBXFrameworksBuildPhase;
			buildActionMask = 2147483647;
			files = (
			);
			runOnlyForDeploymentPostprocessing = 0;
		};
/* End PBXFrameworksBuildPhase section */

/* Begin PBXGroup section */
		E2AAD1950F84E01200167FA5 = {
			isa = PBXGroup;
			children = (
				E2AAD1C10F84E0A500167FA5 /* src */,
				E2AAD2120F84E25300167FA5 /* vstsdk */,
				E2AAD1AE0F84E03900167FA5 /* Products */,
				E2AAD1AF0F84E03900167FA5 /* amsynth-Info.plist */,
			);
			sourceTree = "<group>";
		};
		E2AAD1AE0F84E03900167FA5 /* Products */ = {
			isa = PBXGroup;
			children = (
				E2AAD1AD0F84E03900167FA5 /* amsynth.vst */,
			);
			name = Products;
			sourceTree = "<group>";
		};
		E2AAD1C10F84E0A500167FA5 /* src */ = {
			isa = PBXGroup;
			children = (
				E2AAD1D10F84E1E100167FA5 /* Effects */,
				E2AAD1E50F84E1EF00167FA5 /* VoiceBoard */,
				E2AAD1C30F84E0B100167FA5 /* amsynthVst.cpp */,
				E2AAD1C40F84E0B100167FA5 /* amsynthVst.h */,
				E2AAD1C80F84E0C300167FA5 /* controls.h */,
				E2AAD1FE0F84E20800167FA5 /* Parameter.cc */,
				E2AAD1F80F84E20800167FA5 /* Parameter.h */,
				E2AAD2000F84E20800167FA5 /* Preset.cc */,
				E2AAD1FD0F84E20800167FA5 /* Preset.h */,
				E2AAD1FC0F84E20800167FA5 /* PresetController.cc */,
				E2AAD1FB0F84E20800167FA5 /* PresetController.h */,
				E2AAD1FA0F84E20800167FA5 /* Thread.h */,
				E2AAD1F90F84E20800167FA5 /* UpdateListener.h */,
				E2AAD1FF0F84E20800167FA5 /* VoiceAllocationUnit.cc */,
				E2AAD2020F84E20800167FA5 /* VoiceAllocationUnit.h */,
			);
			name = src;
			sourceTree = "<group>";
		};
		E2AAD1D10F84E1E100167FA5 /* Effects */ = {
			isa = PBXGroup;
			children = (
				E2AAD1D20F84E1E100167FA5 /* allpass.cpp */,
				E2AAD1D30F84E1E100167FA5 /* allpass.hpp */,
				E2AAD1D40F84E1E100167FA5 /* comb.cpp */,
				E2AAD1D50F84E1E100167FA5 /* comb.hpp */,
				E2AAD1D60F84E1E100167FA5 /* denormals.h */,
				E2AAD1D70F84E1E100167FA5 /* Distortion.cc */,
				E2AAD1D80F84E1E100167FA5 /* Distortion.h */,
				E2AAD1DA0F84E1E100167FA5 /* revmodel.cpp */,
				E2AAD1DB0F84E1E100167FA5 /* revmodel.hpp */,
				E2AAD1DC0F84E1E100167FA5 /* SoftLimiter.cc */,
				E2AAD1DD0F84E1E100167FA5 /* SoftLimiter.h */,
				E2AAD1DE0F84E1E100167FA5 /* tuning.h */,
			);
			name = Effects;
			path = src/Effects;
			sourceTree = "<group>";
		};
		E2AAD1E50F84E1EF00167FA5 /* VoiceBoard */ = {
			isa = PBXGroup;
			children = (
				E2AAD1E60F84E1EF00167FA5 /* ADSR.cc */,
				E2AAD1E70F84E1EF00167FA5 /* ADSR.h */,
				E2AAD1E90F84E1EF00167FA5 /* LowPassFilter.cc */,
				E2AAD1EA0F84E1EF00167FA5 /* LowPassFilter.h */,
				E2AAD1EC0F84E1EF00167FA5 /* Oscillator.cc */,
				E2AAD1ED0F84E1EF00167FA5 /* Oscillator.h */,
				E2AAD1EE0F84E1EF00167FA5 /* Synth--.h */,
				E2AAD1EF0F84E1EF00167FA5 /* VoiceBoard.cc */,
				E2AAD1F00F84E1EF00167FA5 /* VoiceBoard.h */,
			);
			name = VoiceBoard;
			path = src/VoiceBoard;
			sourceTree = "<group>";
		};
		E2AAD2120F84E25300167FA5 /* vstsdk */ = {
			isa = PBXGroup;
			children = (
				E2AAD2130F84E27500167FA5 /* audioeffectx.h */,
				E2AAD2140F84E27500167FA5 /* audioeffectx.cpp */,
				E2AAD2150F84E27500167FA5 /* aeffeditor.h */,
				E2AAD2160F84E27500167FA5 /* audioeffect.cpp */,
				E2AAD2170F84E27500167FA5 /* audioeffect.h */,
				E2AAD2180F84E27500167FA5 /* vstplugmain.cpp */,
			);
			name = vstsdk;
			sourceTree = "<group>";
		};
/* End PBXGroup section */

/* Begin PBXNativeTarget section */
		E2AAD1AC0F84E03900167FA5 /* VSTi */ = {
			isa = PBXNativeTarget;
			buildConfigurationList = E2AAD1B30F84E03A00167FA5 /* Build configuration list for PBXNativeTarget "VSTi" */;
			buildPhases = (
				E2AAD1A90F84E03900167FA5 /* Resources */,
				E2AAD1AA0F84E03900167FA5 /* Sources */,
				E2AAD1AB0F84E03900167FA5 /* Frameworks */,
				E2AAD22B0F84E2BC00167FA5 /* CopyFiles */,
			);
			buildRules = (
			);
			dependencies = (
			);
			name = VSTi;
			productName = amsynth;
			productReference = E2AAD1AD0F84E03900167FA5 /* amsynth.vst */;
			productType = "com.apple.product-type.bundle";
		};
/* End PBXNativeTarget section */

/* Begin PBXProject section */
		E2AAD1970F84E01200167FA5 /* Project object */ = {
			isa = PBXProject;
			buildConfigurationList = E2AAD19A0F84E01200167FA5 /* Build configuration list for PBXProject "amsynth" */;
			compatibilityVersion = "Xcode 2.4";
			hasScannedForEncodings = 0;
			mainGroup = E2AAD1950F84E01200167FA5;
			productRefGroup = E2AAD1AE0F84E03900167FA5 /* Products */;
			projectDirPath = "";
			projectRoot = "";
			targets = (
				E2AAD1AC0F84E03900167FA5 /* VSTi */,
			);
		};
/* End PBXProject section */

/* Begin PBXResourcesBuildPhase section */
		E2AAD1A90F84E03900167FA5 /* Resources */ = {
			isa = PBXResourcesBuildPhase;
			buildActionMask = 2147483647;
			files = (
			);
			runOnlyForDeploymentPostprocessing = 0;
		};
/* End PBXResourcesBuildPhase section */

/* Begin PBXSourcesBuildPhase section */
		E2AAD1AA0F84E03900167FA5 /* Sources */ = {
			isa = PBXSourcesBuildPhase;
			buildActionMask = 2147483647;
			files = (
				E2AAD1C50F84E0B100167FA5 /* amsynthVst.cpp in Sources */,
				E2AAD1DF0F84E1E100167FA5 /* allpass.cpp in Sources */,
				E2AAD1E00F84E1E100167FA5 /* comb.cpp in Sources */,
				E2AAD1E10F84E1E100167FA5 /* Distortion.cc in Sources */,
				E2AAD1E30F84E1E100167FA5 /* revmodel.cpp in Sources */,
				E2AAD1E40F84E1E100167FA5 /* SoftLimiter.cc in Sources */,
				E2AAD1F10F84E1EF00167FA5 /* ADSR.cc in Sources */,
				E2AAD1F30F84E1EF00167FA5 /* LowPassFilter.cc in Sources */,
				E2AAD1F50F84E1EF00167FA5 /* Oscillator.cc in Sources */,
				E2AAD1F60F84E1EF00167FA5 /* VoiceBoard.cc in Sources */,
				E2AAD2040F84E20800167FA5 /* PresetController.cc in Sources */,
				E2AAD2050F84E20800167FA5 /* Parameter.cc in Sources */,
				E2AAD2060F84E20800167FA5 /* VoiceAllocationUnit.cc in Sources */,
				E2AAD2070F84E20800167FA5 /* Preset.cc in Sources */,
				E2AAD2190F84E27500167FA5 /* audioeffectx.cpp in Sources */,
				E2AAD21A0F84E27500167FA5 /* audioeffect.cpp in Sources */,
				E2AAD21B0F84E27500167FA5 /* vstplugmain.cpp in Sources */,
			);
			runOnlyForDeploymentPostprocessing = 0;
		};
/* End PBXSourcesBuildPhase section */

/* Begin XCBuildConfiguration section */
		E2AAD1980F84E01200167FA5 /* Debug */ = {
			isa = XCBuildConfiguration;
			buildSettings = {
				COPY_PHASE_STRIP = NO;
				GCC_VERSION = com.apple.compilers.llvmgcc42;
			};
			name = Debug;
		};
		E2AAD1990F84E01200167FA5 /* Release */ = {
			isa = XCBuildConfiguration;
			buildSettings = {
				COPY_PHASE_STRIP = YES;
				GCC_VERSION = com.apple.compilers.llvmgcc42;
			};
			name = Release;
		};
		E2AAD1B10F84E03A00167FA5 /* Debug */ = {
			isa = XCBuildConfiguration;
			buildSettings = {
				ALWAYS_SEARCH_USER_PATHS = NO;
				COPY_PHASE_STRIP = NO;
				GCC_DYNAMIC_NO_PIC = NO;
				GCC_ENABLE_FIX_AND_CONTINUE = YES;
				GCC_MODEL_TUNING = G5;
				GCC_OPTIMIZATION_LEVEL = 0;
				GCC_PRECOMPILE_PREFIX_HEADER = YES;
				GCC_PREFIX_HEADER = "$(SYSTEM_LIBRARY_DIR)/Frameworks/Carbon.framework/Headers/Carbon.h";
				GENERATE_PKGINFO_FILE = YES;
				HEADER_SEARCH_PATHS = "$(VSTSDK24)";
				INFOPLIST_FILE = "amsynth-Info.plist";
				INSTALL_PATH = "$(HOME)/Library/Audio/Plug-Ins/VST";
				OTHER_LDFLAGS = (
					"-framework",
					Carbon,
				);
				PREBINDING = NO;
				PRODUCT_NAME = amsynth;
				WRAPPER_EXTENSION = vst;
			};
			name = Debug;
		};
		E2AAD1B20F84E03A00167FA5 /* Release */ = {
			isa = XCBuildConfiguration;
			buildSettings = {
				ALWAYS_SEARCH_USER_PATHS = NO;
				COPY_PHASE_STRIP = YES;
				DEBUG_INFORMATION_FORMAT = "dwarf-with-dsym";
				GCC_ENABLE_FIX_AND_CONTINUE = NO;
				GCC_MODEL_TUNING = G5;
				GCC_PRECOMPILE_PREFIX_HEADER = YES;
				GCC_PREFIX_HEADER = "$(SYSTEM_LIBRARY_DIR)/Frameworks/Carbon.framework/Headers/Carbon.h";
				GENERATE_PKGINFO_FILE = YES;
				HEADER_SEARCH_PATHS = "$(VSTSDK24)";
				INFOPLIST_FILE = "amsynth-Info.plist";
				INSTALL_PATH = "$(HOME)/Library/Audio/Plug-Ins/VST";
				OTHER_LDFLAGS = (
					"-framework",
					Carbon,
				);
				PREBINDING = NO;
				PRODUCT_NAME = amsynth;
				WRAPPER_EXTENSION = vst;
				ZERO_LINK = NO;
			};
			name = Release;
		};
/* End XCBuildConfiguration section */

/* Begin XCConfigurationList section */
		E2AAD19A0F84E01200167FA5 /* Build configuration list for PBXProject "amsynth" */ = {
			isa = XCConfigurationList;
			buildConfigurations = (
				E2AAD1980F84E01200167FA5 /* Debug */,
				E2AAD1990F84E01200167FA5 /* Release */,
			);
			defaultConfigurationIsVisible = 0;
			defaultConfigurationName = Release;
		};
		E2AAD1B30F84E03A00167FA5 /* Build configuration list for PBXNativeTarget "VSTi" */ = {
			isa = XCConfigurationList;
			buildConfigurations = (
				E2AAD1B10F84E03A00167FA5 /* Debug */,
				E2AAD1B20F84E03A00167FA5 /* Release */,
			);
			defaultConfigurationIsVisible = 0;
			defaultConfigurationName = Release;
		};
/* End XCConfigurationList section */
	};
	rootObject = E2AAD1970F84E01200167FA5 /* Project object */;
}
